
Microsoft Visual Studio Solution File, Format Version 12.00
# Visual Studio 15
VisualStudioVersion = 15.0.27004.2009
MinimumVisualStudioVersion = 10.0.40219.1
Project("{E24C65DC-7377-472B-9ABA-BC803B73C61A}") = "angularjs", "..\angularjs\", "{4E7D1921-B8F8-4C18-937C-140CC891D3C4}"
	ProjectSection(WebsiteProperties) = preProject
		TargetFrameworkMoniker = ".NETFramework,Version%3Dv4.5.2"
		Debug.AspNetCompiler.VirtualPath = "/localhost_64330"
		Debug.AspNetCompiler.PhysicalPath = "..\angularjs\"
		Debug.AspNetCompiler.TargetPath = "PrecompiledWeb\localhost_64330\"
		Debug.AspNetCompiler.Updateable = "true"
		Debug.AspNetCompiler.ForceOverwrite = "true"
		Debug.AspNetCompiler.FixedNames = "false"
		Debug.AspNetCompiler.Debug = "True"
		Release.AspNetCompiler.VirtualPath = "/localhost_64330"
		Release.AspNetCompiler.PhysicalPath = "..\angularjs\"
		Release.AspNetCompiler.TargetPath = "PrecompiledWeb\localhost_64330\"
		Release.AspNetCompiler.Updateable = "true"
		Release.AspNetCompiler.ForceOverwrite = "true"
		Release.AspNetCompiler.FixedNames = "false"
		Release.AspNetCompiler.Debug = "False"
		VWDPort = "64330"
		DefaultWebSiteLanguage = "Visual C#"
	EndProjectSection
EndProject
Global
	GlobalSection(SolutionConfigurationPlatforms) = preSolution
		Debug|Any CPU = Debug|Any CPU
	EndGlobalSection
	GlobalSection(ProjectConfigurationPlatforms) = postSolution
		{4E7D1921-B8F8-4C18-937C-140CC891D3C4}.Debug|Any CPU.ActiveCfg = Debug|Any CPU
		{4E7D1921-B8F8-4C18-937C-140CC891D3C4}.Debug|Any CPU.Build.0 = Debug|Any CPU
	EndGlobalSection
	GlobalSection(SolutionProperties) = preSolution
		HideSolutionNode = FALSE
	EndGlobalSection
	GlobalSection(ExtensibilityGlobals) = postSolution
		SolutionGuid = {ED18749F-E70B-4277-8968-F13942FDDD6A}
	EndGlobalSection
EndGlobal
